
Microsoft Visual Studio Solution File, Format Version 12.00
# Visual Studio 15
VisualStudioVersion = 15.0.28307.421
MinimumVisualStudioVersion = 10.0.40219.1
Project("{FAE04EC0-301F-11D3-BF4B-00C04F79EFBC}") = "BlogPost", "BlogPost\BlogPost.csproj", "{93DB35CF-11F8-4EAF-BB94-2357EBDB73CD}"
EndProject
Global
	GlobalSection(SolutionConfigurationPlatforms) = preSolution
		Debug|Any CPU = Debug|Any CPU
		Release|Any CPU = Release|Any CPU
	EndGlobalSection
	GlobalSection(ProjectConfigurationPlatforms) = postSolution
		{93DB35CF-11F8-4EAF-BB94-2357EBDB73CD}.Debug|Any CPU.ActiveCfg = Debug|Any CPU
		{93DB35CF-11F8-4EAF-BB94-2357EBDB73CD}.Debug|Any CPU.Build.0 = Debug|Any CPU
		{93DB35CF-11F8-4EAF-BB94-2357EBDB73CD}.Release|Any CPU.ActiveCfg = Release|Any CPU
		{93DB35CF-11F8-4EAF-BB94-2357EBDB73CD}.Release|Any CPU.Build.0 = Release|Any CPU
	EndGlobalSection
	GlobalSection(SolutionProperties) = preSolution
		HideSolutionNode = FALSE
	EndGlobalSection
	GlobalSection(ExtensibilityGlobals) = postSolution
		SolutionGuid = {191EC91C-BFF7-4380-94FE-CF96D5D6FE1C}
	EndGlobalSection
EndGlobal
